{
    "_meta": {
        "hash": {
            "sha256": "cea191a7dd89b4296afb12c32b246b0340a9c6b5914988d43644d388a2f95fd1"
        },
        "pipfile-spec": 6,
        "requires": {
            "python_version": "3.10"
        },
        "sources": [
            {
                "name": "pypi",
                "url": "https://pypi.org/simple",
                "verify_ssl": true
            }
        ]
    },
    "default": {
        "pypdf": {
            "hashes": [
                "sha256:5cd99bdae4815842fb0d3b96220839d669f86c1fb57f46f0af1bb2994dfabfcb",
                "sha256:d1bf57178cb8b75b6681c5ad786f9f1a8cd25899e8f79db6f537e215e16a27b2"
            ],
            "index": "pypi",
            "version": "==3.5.1"
        },
        "pypdf2": {
            "hashes": [
                "sha256:a74408f69ba6271f71b9352ef4ed03dc53a31aa404d29b5d31f53bfecfee1440",
                "sha256:d16e4205cfee272fbdc0568b68d82be796540b1537508cef59388f839c191928"
            ],
            "index": "pypi",
            "version": "==3.0.1"
        },
        "pypdf4": {
            "hashes": [
                "sha256:7c932441146d205572f96254d53c79ea2c30c9e11df55a5cf87e056c7b3d7f89"
            ],
            "index": "pypi",
            "version": "==1.27.0"
        }
    },
    "develop": {}
}
